
Microsoft Visual Studio Solution File, Format Version 12.00
# Visual Studio Version 16
VisualStudioVersion = 16.0.30717.126
MinimumVisualStudioVersion = 10.0.40219.1
Project("{9A19103F-16F7-4668-BE54-9A1E7A4F7556}") = "Business", "Business\Business.csproj", "{CDBDEFE7-5303-4DFE-BCDC-EB816E4C93A6}"
EndProject
Project("{9A19103F-16F7-4668-BE54-9A1E7A4F7556}") = "DataAccess", "DataAccess\DataAccess.csproj", "{95E8F296-B6C1-4619-AD03-CD04FBB51A98}"
EndProject
Project("{9A19103F-16F7-4668-BE54-9A1E7A4F7556}") = "Entities", "Entities\Entities.csproj", "{082D133C-C54B-4725-8928-A5A3075371BA}"
EndProject
Project("{9A19103F-16F7-4668-BE54-9A1E7A4F7556}") = "ConsoleUI1", "ConsoleUI1\ConsoleUI1.csproj", "{9DA5169D-7C23-4181-B66C-C5B90DCA78E0}"
EndProject
Project("{9A19103F-16F7-4668-BE54-9A1E7A4F7556}") = "Core", "Core\Core.csproj", "{EF5F58CF-DD0B-4E43-A81F-CDE8B19238E7}"
EndProject
Project("{FAE04EC0-301F-11D3-BF4B-00C04F79EFBC}") = "WebAPI", "WebAPI\WebAPI.csproj", "{D5EECA19-5589-4B34-918E-0F1D0B4E5747}"
EndProject
Global
	GlobalSection(SolutionConfigurationPlatforms) = preSolution
		Debug|Any CPU = Debug|Any CPU
		Release|Any CPU = Release|Any CPU
	EndGlobalSection
	GlobalSection(ProjectConfigurationPlatforms) = postSolution
		{CDBDEFE7-5303-4DFE-BCDC-EB816E4C93A6}.Debug|Any CPU.ActiveCfg = Debug|Any CPU
		{CDBDEFE7-5303-4DFE-BCDC-EB816E4C93A6}.Debug|Any CPU.Build.0 = Debug|Any CPU
		{CDBDEFE7-5303-4DFE-BCDC-EB816E4C93A6}.Release|Any CPU.ActiveCfg = Release|Any CPU
		{CDBDEFE7-5303-4DFE-BCDC-EB816E4C93A6}.Release|Any CPU.Build.0 = Release|Any CPU
		{95E8F296-B6C1-4619-AD03-CD04FBB51A98}.Debug|Any CPU.ActiveCfg = Debug|Any CPU
		{95E8F296-B6C1-4619-AD03-CD04FBB51A98}.Debug|Any CPU.Build.0 = Debug|Any CPU
		{95E8F296-B6C1-4619-AD03-CD04FBB51A98}.Release|Any CPU.ActiveCfg = Release|Any CPU
		{95E8F296-B6C1-4619-AD03-CD04FBB51A98}.Release|Any CPU.Build.0 = Release|Any CPU
		{082D133C-C54B-4725-8928-A5A3075371BA}.Debug|Any CPU.ActiveCfg = Debug|Any CPU
		{082D133C-C54B-4725-8928-A5A3075371BA}.Debug|Any CPU.Build.0 = Debug|Any CPU
		{082D133C-C54B-4725-8928-A5A3075371BA}.Release|Any CPU.ActiveCfg = Release|Any CPU
		{082D133C-C54B-4725-8928-A5A3075371BA}.Release|Any CPU.Build.0 = Release|Any CPU
		{9DA5169D-7C23-4181-B66C-C5B90DCA78E0}.Debug|Any CPU.ActiveCfg = Debug|Any CPU
		{9DA5169D-7C23-4181-B66C-C5B90DCA78E0}.Debug|Any CPU.Build.0 = Debug|Any CPU
		{9DA5169D-7C23-4181-B66C-C5B90DCA78E0}.Release|Any CPU.ActiveCfg = Release|Any CPU
		{9DA5169D-7C23-4181-B66C-C5B90DCA78E0}.Release|Any CPU.Build.0 = Release|Any CPU
		{EF5F58CF-DD0B-4E43-A81F-CDE8B19238E7}.Debug|Any CPU.ActiveCfg = Debug|Any CPU
		{EF5F58CF-DD0B-4E43-A81F-CDE8B19238E7}.Debug|Any CPU.Build.0 = Debug|Any CPU
		{EF5F58CF-DD0B-4E43-A81F-CDE8B19238E7}.Release|Any CPU.ActiveCfg = Release|Any CPU
		{EF5F58CF-DD0B-4E43-A81F-CDE8B19238E7}.Release|Any CPU.Build.0 = Release|Any CPU
		{D5EECA19-5589-4B34-918E-0F1D0B4E5747}.Debug|Any CPU.ActiveCfg = Debug|Any CPU
		{D5EECA19-5589-4B34-918E-0F1D0B4E5747}.Debug|Any CPU.Build.0 = Debug|Any CPU
		{D5EECA19-5589-4B34-918E-0F1D0B4E5747}.Release|Any CPU.ActiveCfg = Release|Any CPU
		{D5EECA19-5589-4B34-918E-0F1D0B4E5747}.Release|Any CPU.Build.0 = Release|Any CPU
	EndGlobalSection
	GlobalSection(SolutionProperties) = preSolution
		HideSolutionNode = FALSE
	EndGlobalSection
	GlobalSection(ExtensibilityGlobals) = postSolution
		SolutionGuid = {5D95C9D5-AABC-46A2-B460-C11F6E694F36}
	EndGlobalSection
EndGlobal
